<?xml version="1.0" encoding="utf-8"?>
<Project ToolsVersion="4.0" xmlns="http://schemas.microsoft.com/developer/msbuild/2003">
  <ItemGroup>
    <ClCompile Include="main.cpp" />
    <ClCompile Include="source\Food\FoodItem.cpp" />
    <ClCompile Include="source\Food\FoodService.cpp" />
    <ClCompile Include="source\Element\ElementService.cpp" />
    <ClCompile Include="source\Element\Obstacle.cpp" />
    <ClCompile Include="source\Player\BodyPart.cpp" />
    <ClCompile Include="source\LinkedList\SingleLinkedList.cpp" />
    <ClCompile Include="source\Player\SnakeController.cpp" />
    <ClCompile Include="source\Player\PlayerService.cpp" />
    <ClCompile Include="source\Time\TimeService.cpp" />
    <ClCompile Include="source\UI\GameplayUI\GameplayUIController.cpp" />
    <ClCompile Include="source\UI\UIElement\RectangleShapeView.cpp" />
    <ClCompile Include="source\Level\LevelController.cpp" />
    <ClCompile Include="source\Level\LevelModel.cpp" />
    <ClCompile Include="source\UI\LevelSelection\LevelSelectionUIController.cpp" />
    <ClCompile Include="source\Level\LevelView.cpp" />
    <ClCompile Include="source\Level\LevelService.cpp" />
    <ClCompile Include="source\UI\Credits\CreditsScreenUIController.cpp" />
    <ClCompile Include="source\UI\Instructions\InstructionsScreenUIController.cpp" />
    <ClCompile Include="source\UI\UIElement\AnimatedImageView.cpp" />
    <ClCompile Include="source\UI\UIElement\ButtonView.cpp" />
    <ClCompile Include="source\Global\Config.cpp" />
    <ClCompile Include="source\Event\EventService.cpp" />
    <ClCompile Include="source\Main\GameService.cpp" />
    <ClCompile Include="source\Graphics\GraphicService.cpp" />
    <ClCompile Include="source\UI\UIElement\ImageView.cpp" />
    <ClCompile Include="source\UI\MainMenu\MainMenuUIController.cpp" />
    <ClCompile Include="source\Global\ServiceLocator.cpp" />
    <ClCompile Include="source\Sound\SoundService.cpp" />
    <ClCompile Include="source\UI\SplashScreen\SplashScreenUIController.cpp" />
    <ClCompile Include="source\UI\UIElement\TextView.cpp" />
    <ClCompile Include="source\UI\UIService.cpp" />
    <ClCompile Include="source\UI\UIElement\UIView.cpp" />
  </ItemGroup>
  <ItemGroup>
    <ClInclude Include="include\Food\FoodItem.h" />
    <ClInclude Include="include\Food\FoodService.h" />
    <ClInclude Include="include\Food\FoodType.h" />
    <ClInclude Include="include\Element\ElementData.h" />
    <ClInclude Include="include\Element\ElementService.h" />
    <ClInclude Include="include\Element\Obstacle.h" />
    <ClInclude Include="include\Player\BodyPart.h" />
    <ClInclude Include="include\LinkedList\Node.h" />
    <ClInclude Include="include\LinkedList\SingleLinkedList.h" />
    <ClInclude Include="include\Player\SnakeController.h" />
    <ClInclude Include="include\Player\PlayerService.h" />
    <ClInclude Include="include\Time\TimeService.h" />
    <ClInclude Include="include\Level\LevelController.h" />
    <ClInclude Include="include\Level\LevelData.h" />
    <ClInclude Include="include\Level\LevelModel.h" />
    <ClInclude Include="include\Level\LevelNumber.h" />
    <ClInclude Include="include\UI\LevelSelection\LevelSelectionUIController.h" />
    <ClInclude Include="include\Level\LevelView.h" />
    <ClInclude Include="include\Level\LevelService.h" />
    <ClInclude Include="include\UI\UIElement\RectangleShapeView.h" />
    <ClInclude Include="include\UI\Credits\CreditsScreenUIController.h" />
    <ClInclude Include="include\UI\Instructions\InstructionsScreenUIController.h" />
    <ClInclude Include="include\UI\UIElement\AnimatedImageView.h" />
    <ClInclude Include="include\UI\UIElement\ButtonView.h" />
    <ClInclude Include="include\Global\Config.h" />
    <ClInclude Include="include\Event\EventService.h" />
    <ClInclude Include="include\Main\GameService.h" />
    <ClInclude Include="include\Graphics\GraphicService.h" />
    <ClInclude Include="include\UI\UIElement\ImageView.h" />
    <ClInclude Include="include\UI\Interface\IUIController.h" />
    <ClInclude Include="include\UI\MainMenu\MainMenuUIController.h" />
    <ClInclude Include="include\Global\ServiceLocator.h" />
    <ClInclude Include="include\Sound\SoundService.h" />
    <ClInclude Include="include\UI\SplashScreen\SplashScreenUIController.h" />
    <ClInclude Include="include\UI\UIElement\TextView.h" />
    <ClInclude Include="include\UI\UIService.h" />
    <ClInclude Include="include\UI\UIElement\UIView.h" />
    <ClInclude Include="include\UI\GameplayUI\GameplayUIController.h" />
  </ItemGroup>
</Project>